
Microsoft Visual Studio Solution File, Format Version 12.00
# Visual Studio Version 17
VisualStudioVersion = 17.9.34616.47
MinimumVisualStudioVersion = 10.0.40219.1
Project("{FAE04EC0-301F-11D3-BF4B-00C04F79EFBC}") = "UserAuthDemo", "UserAuthDemo\UserAuthDemo.csproj", "{6A4D0F77-4FA4-4CCE-B72A-F6934FA9EC0C}"
EndProject
Global
	GlobalSection(SolutionConfigurationPlatforms) = preSolution
		Debug|Any CPU = Debug|Any CPU
		Release|Any CPU = Release|Any CPU
	EndGlobalSection
	GlobalSection(ProjectConfigurationPlatforms) = postSolution
		{6A4D0F77-4FA4-4CCE-B72A-F6934FA9EC0C}.Debug|Any CPU.ActiveCfg = Debug|Any CPU
		{6A4D0F77-4FA4-4CCE-B72A-F6934FA9EC0C}.Debug|Any CPU.Build.0 = Debug|Any CPU
		{6A4D0F77-4FA4-4CCE-B72A-F6934FA9EC0C}.Release|Any CPU.ActiveCfg = Release|Any CPU
		{6A4D0F77-4FA4-4CCE-B72A-F6934FA9EC0C}.Release|Any CPU.Build.0 = Release|Any CPU
	EndGlobalSection
	GlobalSection(SolutionProperties) = preSolution
		HideSolutionNode = FALSE
	EndGlobalSection
	GlobalSection(ExtensibilityGlobals) = postSolution
		SolutionGuid = {C867DB2B-D59E-4541-907D-38B2322F640D}
	EndGlobalSection
EndGlobal
